// !$*UTF8*$!
{
	archiveVersion = 1;
	classes = {
	};
	objectVersion = 77;
	objects = {

/* Begin PBXContainerItemProxy section */
		E7A4E5412CC58BF3000990A3 /* PBXContainerItemProxy */ = {
			isa = PBXContainerItemProxy;
			containerPortal = E7A4E5262CC58BF1000990A3 /* Project object */;
			proxyType = 1;
			remoteGlobalIDString = E7A4E52D2CC58BF1000990A3;
			remoteInfo = vertical_ai_hackathon;
		};
		E7A4E54B2CC58BF3000990A3 /* PBXContainerItemProxy */ = {
			isa = PBXContainerItemProxy;
			containerPortal = E7A4E5262CC58BF1000990A3 /* Project object */;
			proxyType = 1;
			remoteGlobalIDString = E7A4E52D2CC58BF1000990A3;
			remoteInfo = vertical_ai_hackathon;
		};
/* End PBXContainerItemProxy section */

/* Begin PBXFileReference section */
		31FE4D172CD882200016967F /* theravoice-Info.plist */ = {isa = PBXFileReference; lastKnownFileType = text.plist.xml; path = "theravoice-Info.plist"; sourceTree = "<group>"; };
		E7A4E52E2CC58BF1000990A3 /* theravoice.app */ = {isa = PBXFileReference; explicitFileType = wrapper.application; includeInIndex = 0; path = theravoice.app; sourceTree = BUILT_PRODUCTS_DIR; };
		E7A4E5402CC58BF3000990A3 /* theravoiceTests.xctest */ = {isa = PBXFileReference; explicitFileType = wrapper.cfbundle; includeInIndex = 0; path = theravoiceTests.xctest; sourceTree = BUILT_PRODUCTS_DIR; };
		E7A4E54A2CC58BF3000990A3 /* theravoiceUITests.xctest */ = {isa = PBXFileReference; explicitFileType = wrapper.cfbundle; includeInIndex = 0; path = theravoiceUITests.xctest; sourceTree = BUILT_PRODUCTS_DIR; };
/* End PBXFileReference section */

/* Begin PBXFileSystemSynchronizedRootGroup section */
		E7A4E5302CC58BF1000990A3 /* theravoice */ = {
			isa = PBXFileSystemSynchronizedRootGroup;
			path = theravoice;
			sourceTree = "<group>";
		};
/* End PBXFileSystemSynchronizedRootGroup section */

/* Begin PBXFrameworksBuildPhase section */
		E7A4E52B2CC58BF1000990A3 /* Frameworks */ = {
			isa = PBXFrameworksBuildPhase;
			buildActionMask = 2147483647;
			files = (
			);
			runOnlyForDeploymentPostprocessing = 0;
		};
		E7A4E53D2CC58BF3000990A3 /* Frameworks */ = {
			isa = PBXFrameworksBuildPhase;
			buildActionMask = 2147483647;
			files = (
			);
			runOnlyForDeploymentPostprocessing = 0;
		};
		E7A4E5472CC58BF3000990A3 /* Frameworks */ = {
			isa = PBXFrameworksBuildPhase;
			buildActionMask = 2147483647;
			files = (
			);
			runOnlyForDeploymentPostprocessing = 0;
		};
/* End PBXFrameworksBuildPhase section */

/* Begin PBXGroup section */
		E7A4E5252CC58BF1000990A3 = {
			isa = PBXGroup;
			children = (
				31FE4D172CD882200016967F /* theravoice-Info.plist */,
				E7A4E5302CC58BF1000990A3 /* theravoice */,
				E7A4E52F2CC58BF1000990A3 /* Products */,
			);
			sourceTree = "<group>";
		};
		E7A4E52F2CC58BF1000990A3 /* Products */ = {
			isa = PBXGroup;
			children = (
				E7A4E52E2CC58BF1000990A3 /* theravoice.app */,
				E7A4E5402CC58BF3000990A3 /* theravoiceTests.xctest */,
				E7A4E54A2CC58BF3000990A3 /* theravoiceUITests.xctest */,
			);
			name = Products;
			sourceTree = "<group>";
		};
/* End PBXGroup section */

/* Begin PBXNativeTarget section */
		E7A4E52D2CC58BF1000990A3 /* theravoice */ = {
			isa = PBXNativeTarget;
			buildConfigurationList = E7A4E5542CC58BF3000990A3 /* Build configuration list for PBXNativeTarget "theravoice" */;
			buildPhases = (
				E7A4E52A2CC58BF1000990A3 /* Sources */,
				E7A4E52B2CC58BF1000990A3 /* Frameworks */,
				E7A4E52C2CC58BF1000990A3 /* Resources */,
			);
			buildRules = (
			);
			dependencies = (
			);
			fileSystemSynchronizedGroups = (
				E7A4E5302CC58BF1000990A3 /* theravoice */,
			);
			name = theravoice;
			packageProductDependencies = (
			);
			productName = vertical_ai_hackathon;
			productReference = E7A4E52E2CC58BF1000990A3 /* theravoice.app */;
			productType = "com.apple.product-type.application";
		};
		E7A4E53F2CC58BF3000990A3 /* theravoiceTests */ = {
			isa = PBXNativeTarget;
			buildConfigurationList = E7A4E5572CC58BF3000990A3 /* Build configuration list for PBXNativeTarget "theravoiceTests" */;
			buildPhases = (
				E7A4E53C2CC58BF3000990A3 /* Sources */,
				E7A4E53D2CC58BF3000990A3 /* Frameworks */,
				E7A4E53E2CC58BF3000990A3 /* Resources */,
			);
			buildRules = (
			);
			dependencies = (
				E7A4E5422CC58BF3000990A3 /* PBXTargetDependency */,
			);
			name = theravoiceTests;
			packageProductDependencies = (
			);
			productName = vertical_ai_hackathonTests;
			productReference = E7A4E5402CC58BF3000990A3 /* theravoiceTests.xctest */;
			productType = "com.apple.product-type.bundle.unit-test";
		};
		E7A4E5492CC58BF3000990A3 /* theravoiceUITests */ = {
			isa = PBXNativeTarget;
			buildConfigurationList = E7A4E55A2CC58BF3000990A3 /* Build configuration list for PBXNativeTarget "theravoiceUITests" */;
			buildPhases = (
				E7A4E5462CC58BF3000990A3 /* Sources */,
				E7A4E5472CC58BF3000990A3 /* Frameworks */,
				E7A4E5482CC58BF3000990A3 /* Resources */,
			);
			buildRules = (
			);
			dependencies = (
				E7A4E54C2CC58BF3000990A3 /* PBXTargetDependency */,
			);
			name = theravoiceUITests;
			packageProductDependencies = (
			);
			productName = vertical_ai_hackathonUITests;
			productReference = E7A4E54A2CC58BF3000990A3 /* theravoiceUITests.xctest */;
			productType = "com.apple.product-type.bundle.ui-testing";
		};
/* End PBXNativeTarget section */

/* Begin PBXProject section */
		E7A4E5262CC58BF1000990A3 /* Project object */ = {
			isa = PBXProject;
			attributes = {
				BuildIndependentTargetsInParallel = 1;
				LastSwiftUpdateCheck = 1610;
				LastUpgradeCheck = 1610;
				TargetAttributes = {
					E7A4E52D2CC58BF1000990A3 = {
						CreatedOnToolsVersion = 16.1;
					};
					E7A4E53F2CC58BF3000990A3 = {
						CreatedOnToolsVersion = 16.1;
						TestTargetID = E7A4E52D2CC58BF1000990A3;
					};
					E7A4E5492CC58BF3000990A3 = {
						CreatedOnToolsVersion = 16.1;
						TestTargetID = E7A4E52D2CC58BF1000990A3;
					};
				};
			};
			buildConfigurationList = E7A4E5292CC58BF1000990A3 /* Build configuration list for PBXProject "theravoice" */;
			developmentRegion = en;
			hasScannedForEncodings = 0;
			knownRegions = (
				en,
				Base,
			);
			mainGroup = E7A4E5252CC58BF1000990A3;
			minimizedProjectReferenceProxies = 1;
			packageReferences = (
			);
			preferredProjectObjectVersion = 77;
			productRefGroup = E7A4E52F2CC58BF1000990A3 /* Products */;
			projectDirPath = "";
			projectRoot = "";
			targets = (
				E7A4E52D2CC58BF1000990A3 /* theravoice */,
				E7A4E53F2CC58BF3000990A3 /* theravoiceTests */,
				E7A4E5492CC58BF3000990A3 /* theravoiceUITests */,
			);
		};
/* End PBXProject section */

/* Begin PBXResourcesBuildPhase section */
		E7A4E52C2CC58BF1000990A3 /* Resources */ = {
			isa = PBXResourcesBuildPhase;
			buildActionMask = 2147483647;
			files = (
			);
			runOnlyForDeploymentPostprocessing = 0;
		};
		E7A4E53E2CC58BF3000990A3 /* Resources */ = {
			isa = PBXResourcesBuildPhase;
			buildActionMask = 2147483647;
			files = (
			);
			runOnlyForDeploymentPostprocessing = 0;
		};
		E7A4E5482CC58BF3000990A3 /* Resources */ = {
			isa = PBXResourcesBuildPhase;
			buildActionMask = 2147483647;
			files = (
			);
			runOnlyForDeploymentPostprocessing = 0;
		};
/* End PBXResourcesBuildPhase section */

/* Begin PBXSourcesBuildPhase section */
		E7A4E52A2CC58BF1000990A3 /* Sources */ = {
			isa = PBXSourcesBuildPhase;
			buildActionMask = 2147483647;
			files = (
			);
			runOnlyForDeploymentPostprocessing = 0;
		};
		E7A4E53C2CC58BF3000990A3 /* Sources */ = {
			isa = PBXSourcesBuildPhase;
			buildActionMask = 2147483647;
			files = (
			);
			runOnlyForDeploymentPostprocessing = 0;
		};
		E7A4E5462CC58BF3000990A3 /* Sources */ = {
			isa = PBXSourcesBuildPhase;
			buildActionMask = 2147483647;
			files = (
			);
			runOnlyForDeploymentPostprocessing = 0;
		};
/* End PBXSourcesBuildPhase section */

/* Begin PBXTargetDependency section */
		E7A4E5422CC58BF3000990A3 /* PBXTargetDependency */ = {
			isa = PBXTargetDependency;
			target = E7A4E52D2CC58BF1000990A3 /* theravoice */;
			targetProxy = E7A4E5412CC58BF3000990A3 /* PBXContainerItemProxy */;
		};
		E7A4E54C2CC58BF3000990A3 /* PBXTargetDependency */ = {
			isa = PBXTargetDependency;
			target = E7A4E52D2CC58BF1000990A3 /* theravoice */;
			targetProxy = E7A4E54B2CC58BF3000990A3 /* PBXContainerItemProxy */;
		};
/* End PBXTargetDependency section */

/* Begin XCBuildConfiguration section */
		E7A4E5522CC58BF3000990A3 /* Debug */ = {
			isa = XCBuildConfiguration;
			buildSettings = {
				ALWAYS_SEARCH_USER_PATHS = NO;
				ASSETCATALOG_COMPILER_GENERATE_SWIFT_ASSET_SYMBOL_EXTENSIONS = YES;
				CLANG_ANALYZER_NONNULL = YES;
				CLANG_ANALYZER_NUMBER_OBJECT_CONVERSION = YES_AGGRESSIVE;
				CLANG_CXX_LANGUAGE_STANDARD = "gnu++20";
				CLANG_ENABLE_MODULES = YES;
				CLANG_ENABLE_OBJC_ARC = YES;
				CLANG_ENABLE_OBJC_WEAK = YES;
				CLANG_WARN_BLOCK_CAPTURE_AUTORELEASING = YES;
				CLANG_WARN_BOOL_CONVERSION = YES;
				CLANG_WARN_COMMA = YES;
				CLANG_WARN_CONSTANT_CONVERSION = YES;
				CLANG_WARN_DEPRECATED_OBJC_IMPLEMENTATIONS = YES;
				CLANG_WARN_DIRECT_OBJC_ISA_USAGE = YES_ERROR;
				CLANG_WARN_DOCUMENTATION_COMMENTS = YES;
				CLANG_WARN_EMPTY_BODY = YES;
				CLANG_WARN_ENUM_CONVERSION = YES;
				CLANG_WARN_INFINITE_RECURSION = YES;
				CLANG_WARN_INT_CONVERSION = YES;
				CLANG_WARN_NON_LITERAL_NULL_CONVERSION = YES;
				CLANG_WARN_OBJC_IMPLICIT_RETAIN_SELF = YES;
				CLANG_WARN_OBJC_LITERAL_CONVERSION = YES;
				CLANG_WARN_OBJC_ROOT_CLASS = YES_ERROR;
				CLANG_WARN_QUOTED_INCLUDE_IN_FRAMEWORK_HEADER = YES;
				CLANG_WARN_RANGE_LOOP_ANALYSIS = YES;
				CLANG_WARN_STRICT_PROTOTYPES = YES;
				CLANG_WARN_SUSPICIOUS_MOVE = YES;
				CLANG_WARN_UNGUARDED_AVAILABILITY = YES_AGGRESSIVE;
				CLANG_WARN_UNREACHABLE_CODE = YES;
				CLANG_WARN__DUPLICATE_METHOD_MATCH = YES;
				COPY_PHASE_STRIP = NO;
				DEBUG_INFORMATION_FORMAT = dwarf;
				ENABLE_STRICT_OBJC_MSGSEND = YES;
				ENABLE_TESTABILITY = YES;
				ENABLE_USER_SCRIPT_SANDBOXING = YES;
				GCC_C_LANGUAGE_STANDARD = gnu17;
				GCC_DYNAMIC_NO_PIC = NO;
				GCC_NO_COMMON_BLOCKS = YES;
				GCC_OPTIMIZATION_LEVEL = 0;
				GCC_PREPROCESSOR_DEFINITIONS = (
					"DEBUG=1",
					"$(inherited)",
				);
				GCC_WARN_64_TO_32_BIT_CONVERSION = YES;
				GCC_WARN_ABOUT_RETURN_TYPE = YES_ERROR;
				GCC_WARN_UNDECLARED_SELECTOR = YES;
				GCC_WARN_UNINITIALIZED_AUTOS = YES_AGGRESSIVE;
				GCC_WARN_UNUSED_FUNCTION = YES;
				GCC_WARN_UNUSED_VARIABLE = YES;
				IPHONEOS_DEPLOYMENT_TARGET = 18.1;
				LOCALIZATION_PREFERS_STRING_CATALOGS = YES;
				MTL_ENABLE_DEBUG_INFO = INCLUDE_SOURCE;
				MTL_FAST_MATH = YES;
				ONLY_ACTIVE_ARCH = YES;
				SDKROOT = iphoneos;
				SWIFT_ACTIVE_COMPILATION_CONDITIONS = "DEBUG $(inherited)";
				SWIFT_OPTIMIZATION_LEVEL = "-Onone";
			};
			name = Debug;
		};
		E7A4E5532CC58BF3000990A3 /* Release */ = {
			isa = XCBuildConfiguration;
			buildSettings = {
				ALWAYS_SEARCH_USER_PATHS = NO;
				ASSETCATALOG_COMPILER_GENERATE_SWIFT_ASSET_SYMBOL_EXTENSIONS = YES;
				CLANG_ANALYZER_NONNULL = YES;
				CLANG_ANALYZER_NUMBER_OBJECT_CONVERSION = YES_AGGRESSIVE;
				CLANG_CXX_LANGUAGE_STANDARD = "gnu++20";
				CLANG_ENABLE_MODULES = YES;
				CLANG_ENABLE_OBJC_ARC = YES;
				CLANG_ENABLE_OBJC_WEAK = YES;
				CLANG_WARN_BLOCK_CAPTURE_AUTORELEASING = YES;
				CLANG_WARN_BOOL_CONVERSION = YES;
				CLANG_WARN_COMMA = YES;
				CLANG_WARN_CONSTANT_CONVERSION = YES;
				CLANG_WARN_DEPRECATED_OBJC_IMPLEMENTATIONS = YES;
				CLANG_WARN_DIRECT_OBJC_ISA_USAGE = YES_ERROR;
				CLANG_WARN_DOCUMENTATION_COMMENTS = YES;
				CLANG_WARN_EMPTY_BODY = YES;
				CLANG_WARN_ENUM_CONVERSION = YES;
				CLANG_WARN_INFINITE_RECURSION = YES;
				CLANG_WARN_INT_CONVERSION = YES;
				CLANG_WARN_NON_LITERAL_NULL_CONVERSION = YES;
				CLANG_WARN_OBJC_IMPLICIT_RETAIN_SELF = YES;
				CLANG_WARN_OBJC_LITERAL_CONVERSION = YES;
				CLANG_WARN_OBJC_ROOT_CLASS = YES_ERROR;
				CLANG_WARN_QUOTED_INCLUDE_IN_FRAMEWORK_HEADER = YES;
				CLANG_WARN_RANGE_LOOP_ANALYSIS = YES;
				CLANG_WARN_STRICT_PROTOTYPES = YES;
				CLANG_WARN_SUSPICIOUS_MOVE = YES;
				CLANG_WARN_UNGUARDED_AVAILABILITY = YES_AGGRESSIVE;
				CLANG_WARN_UNREACHABLE_CODE = YES;
				CLANG_WARN__DUPLICATE_METHOD_MATCH = YES;
				COPY_PHASE_STRIP = NO;
				DEBUG_INFORMATION_FORMAT = "dwarf-with-dsym";
				ENABLE_NS_ASSERTIONS = NO;
				ENABLE_STRICT_OBJC_MSGSEND = YES;
				ENABLE_USER_SCRIPT_SANDBOXING = YES;
				GCC_C_LANGUAGE_STANDARD = gnu17;
				GCC_NO_COMMON_BLOCKS = YES;
				GCC_WARN_64_TO_32_BIT_CONVERSION = YES;
				GCC_WARN_ABOUT_RETURN_TYPE = YES_ERROR;
				GCC_WARN_UNDECLARED_SELECTOR = YES;
				GCC_WARN_UNINITIALIZED_AUTOS = YES_AGGRESSIVE;
				GCC_WARN_UNUSED_FUNCTION = YES;
				GCC_WARN_UNUSED_VARIABLE = YES;
				IPHONEOS_DEPLOYMENT_TARGET = 18.1;
				LOCALIZATION_PREFERS_STRING_CATALOGS = YES;
				MTL_ENABLE_DEBUG_INFO = NO;
				MTL_FAST_MATH = YES;
				SDKROOT = iphoneos;
				SWIFT_COMPILATION_MODE = wholemodule;
				VALIDATE_PRODUCT = YES;
			};
			name = Release;
		};
		E7A4E5552CC58BF3000990A3 /* Debug */ = {
			isa = XCBuildConfiguration;
			buildSettings = {
				ASSETCATALOG_COMPILER_APPICON_NAME = AppIcon;
				ASSETCATALOG_COMPILER_GLOBAL_ACCENT_COLOR_NAME = AccentColor;
				CODE_SIGN_ENTITLEMENTS = theravoice/theravoice.entitlements;
				CODE_SIGN_STYLE = Automatic;
				CURRENT_PROJECT_VERSION = 1;
				DEVELOPMENT_ASSET_PATHS = "\"theravoice/Preview Content\"";
				DEVELOPMENT_TEAM = 8TBWTVY269;
				ENABLE_PREVIEWS = YES;
				GENERATE_INFOPLIST_FILE = YES;
				INFOPLIST_FILE = "theravoice-Info.plist";
				INFOPLIST_KEY_CFBundleDisplayName = brink;
				INFOPLIST_KEY_NSMicrophoneUsageDescription = "\"Used to record audio for conversation\"";
				INFOPLIST_KEY_NSSpeechRecognitionUsageDescription = "\"Used to transcribe input speech\"";
				INFOPLIST_KEY_UIApplicationSceneManifest_Generation = YES;
				INFOPLIST_KEY_UIApplicationSupportsIndirectInputEvents = YES;
				INFOPLIST_KEY_UILaunchScreen_Generation = YES;
				INFOPLIST_KEY_UISupportedInterfaceOrientations_iPad = "UIInterfaceOrientationPortrait UIInterfaceOrientationPortraitUpsideDown UIInterfaceOrientationLandscapeLeft UIInterfaceOrientationLandscapeRight";
				INFOPLIST_KEY_UISupportedInterfaceOrientations_iPhone = "UIInterfaceOrientationPortrait UIInterfaceOrientationLandscapeLeft UIInterfaceOrientationLandscapeRight";
				LD_RUNPATH_SEARCH_PATHS = (
					"$(inherited)",
					"@executable_path/Frameworks",
				);
				MARKETING_VERSION = 1.0;
				PRODUCT_BUNDLE_IDENTIFIER = "xyz.blakeslee.vertical-ai-hackathon";
				PRODUCT_NAME = "$(TARGET_NAME)";
				SWIFT_EMIT_LOC_STRINGS = YES;
				SWIFT_VERSION = 5.0;
				TARGETED_DEVICE_FAMILY = "1,2";
			};
			name = Debug;
		};
		E7A4E5562CC58BF3000990A3 /* Release */ = {
			isa = XCBuildConfiguration;
			buildSettings = {
				ASSETCATALOG_COMPILER_APPICON_NAME = AppIcon;
				ASSETCATALOG_COMPILER_GLOBAL_ACCENT_COLOR_NAME = AccentColor;
				CODE_SIGN_ENTITLEMENTS = theravoice/theravoice.entitlements;
				CODE_SIGN_STYLE = Automatic;
				CURRENT_PROJECT_VERSION = 1;
				DEVELOPMENT_ASSET_PATHS = "\"theravoice/Preview Content\"";
				DEVELOPMENT_TEAM = 8TBWTVY269;
				ENABLE_PREVIEWS = YES;
				GENERATE_INFOPLIST_FILE = YES;
				INFOPLIST_FILE = "theravoice-Info.plist";
				INFOPLIST_KEY_CFBundleDisplayName = brink;
				INFOPLIST_KEY_NSMicrophoneUsageDescription = "\"Used to record audio for conversation\"";
				INFOPLIST_KEY_NSSpeechRecognitionUsageDescription = "\"Used to transcribe input speech\"";
				INFOPLIST_KEY_UIApplicationSceneManifest_Generation = YES;
				INFOPLIST_KEY_UIApplicationSupportsIndirectInputEvents = YES;
				INFOPLIST_KEY_UILaunchScreen_Generation = YES;
				INFOPLIST_KEY_UISupportedInterfaceOrientations_iPad = "UIInterfaceOrientationPortrait UIInterfaceOrientationPortraitUpsideDown UIInterfaceOrientationLandscapeLeft UIInterfaceOrientationLandscapeRight";
				INFOPLIST_KEY_UISupportedInterfaceOrientations_iPhone = "UIInterfaceOrientationPortrait UIInterfaceOrientationLandscapeLeft UIInterfaceOrientationLandscapeRight";
				LD_RUNPATH_SEARCH_PATHS = (
					"$(inherited)",
					"@executable_path/Frameworks",
				);
				MARKETING_VERSION = 1.0;
				PRODUCT_BUNDLE_IDENTIFIER = "xyz.blakeslee.vertical-ai-hackathon";
				PRODUCT_NAME = "$(TARGET_NAME)";
				SWIFT_EMIT_LOC_STRINGS = YES;
				SWIFT_VERSION = 5.0;
				TARGETED_DEVICE_FAMILY = "1,2";
			};
			name = Release;
		};
		E7A4E5582CC58BF3000990A3 /* Debug */ = {
			isa = XCBuildConfiguration;
			buildSettings = {
				BUNDLE_LOADER = "$(TEST_HOST)";
				CODE_SIGN_STYLE = Automatic;
				CURRENT_PROJECT_VERSION = 1;
				DEVELOPMENT_TEAM = L7UDTQ6F5W;
				GENERATE_INFOPLIST_FILE = YES;
				IPHONEOS_DEPLOYMENT_TARGET = 18.1;
				MARKETING_VERSION = 1.0;
				PRODUCT_BUNDLE_IDENTIFIER = "xyz.blakeslee.vertical-ai-hackathonTests";
				PRODUCT_NAME = "$(TARGET_NAME)";
				SWIFT_EMIT_LOC_STRINGS = NO;
				SWIFT_VERSION = 5.0;
				TARGETED_DEVICE_FAMILY = "1,2";
				TEST_HOST = "$(BUILT_PRODUCTS_DIR)/theravoice.app/$(BUNDLE_EXECUTABLE_FOLDER_PATH)/theravoice";
			};
			name = Debug;
		};
		E7A4E5592CC58BF3000990A3 /* Release */ = {
			isa = XCBuildConfiguration;
			buildSettings = {
				BUNDLE_LOADER = "$(TEST_HOST)";
				CODE_SIGN_STYLE = Automatic;
				CURRENT_PROJECT_VERSION = 1;
				DEVELOPMENT_TEAM = L7UDTQ6F5W;
				GENERATE_INFOPLIST_FILE = YES;
				IPHONEOS_DEPLOYMENT_TARGET = 18.1;
				MARKETING_VERSION = 1.0;
				PRODUCT_BUNDLE_IDENTIFIER = "xyz.blakeslee.vertical-ai-hackathonTests";
				PRODUCT_NAME = "$(TARGET_NAME)";
				SWIFT_EMIT_LOC_STRINGS = NO;
				SWIFT_VERSION = 5.0;
				TARGETED_DEVICE_FAMILY = "1,2";
				TEST_HOST = "$(BUILT_PRODUCTS_DIR)/theravoice.app/$(BUNDLE_EXECUTABLE_FOLDER_PATH)/theravoice";
			};
			name = Release;
		};
		E7A4E55B2CC58BF3000990A3 /* Debug */ = {
			isa = XCBuildConfiguration;
			buildSettings = {
				CODE_SIGN_STYLE = Automatic;
				CURRENT_PROJECT_VERSION = 1;
				DEVELOPMENT_TEAM = L7UDTQ6F5W;
				GENERATE_INFOPLIST_FILE = YES;
				MARKETING_VERSION = 1.0;
				PRODUCT_BUNDLE_IDENTIFIER = "xyz.blakeslee.vertical-ai-hackathonUITests";
				PRODUCT_NAME = "$(TARGET_NAME)";
				SWIFT_EMIT_LOC_STRINGS = NO;
				SWIFT_VERSION = 5.0;
				TARGETED_DEVICE_FAMILY = "1,2";
				TEST_TARGET_NAME = vertical_ai_hackathon;
			};
			name = Debug;
		};
		E7A4E55C2CC58BF3000990A3 /* Release */ = {
			isa = XCBuildConfiguration;
			buildSettings = {
				CODE_SIGN_STYLE = Automatic;
				CURRENT_PROJECT_VERSION = 1;
				DEVELOPMENT_TEAM = L7UDTQ6F5W;
				GENERATE_INFOPLIST_FILE = YES;
				MARKETING_VERSION = 1.0;
				PRODUCT_BUNDLE_IDENTIFIER = "xyz.blakeslee.vertical-ai-hackathonUITests";
				PRODUCT_NAME = "$(TARGET_NAME)";
				SWIFT_EMIT_LOC_STRINGS = NO;
				SWIFT_VERSION = 5.0;
				TARGETED_DEVICE_FAMILY = "1,2";
				TEST_TARGET_NAME = vertical_ai_hackathon;
			};
			name = Release;
		};
/* End XCBuildConfiguration section */

/* Begin XCConfigurationList section */
		E7A4E5292CC58BF1000990A3 /* Build configuration list for PBXProject "theravoice" */ = {
			isa = XCConfigurationList;
			buildConfigurations = (
				E7A4E5522CC58BF3000990A3 /* Debug */,
				E7A4E5532CC58BF3000990A3 /* Release */,
			);
			defaultConfigurationIsVisible = 0;
			defaultConfigurationName = Release;
		};
		E7A4E5542CC58BF3000990A3 /* Build configuration list for PBXNativeTarget "theravoice" */ = {
			isa = XCConfigurationList;
			buildConfigurations = (
				E7A4E5552CC58BF3000990A3 /* Debug */,
				E7A4E5562CC58BF3000990A3 /* Release */,
			);
			defaultConfigurationIsVisible = 0;
			defaultConfigurationName = Release;
		};
		E7A4E5572CC58BF3000990A3 /* Build configuration list for PBXNativeTarget "theravoiceTests" */ = {
			isa = XCConfigurationList;
			buildConfigurations = (
				E7A4E5582CC58BF3000990A3 /* Debug */,
				E7A4E5592CC58BF3000990A3 /* Release */,
			);
			defaultConfigurationIsVisible = 0;
			defaultConfigurationName = Release;
		};
		E7A4E55A2CC58BF3000990A3 /* Build configuration list for PBXNativeTarget "theravoiceUITests" */ = {
			isa = XCConfigurationList;
			buildConfigurations = (
				E7A4E55B2CC58BF3000990A3 /* Debug */,
				E7A4E55C2CC58BF3000990A3 /* Release */,
			);
			defaultConfigurationIsVisible = 0;
			defaultConfigurationName = Release;
		};
/* End XCConfigurationList section */
	};
	rootObject = E7A4E5262CC58BF1000990A3 /* Project object */;
}
